# This file is automatically @generated by Poetry 1.5.1 and should not be changed by hand.

[[package]]
name = "telegram"
version = "0.0.1"
description = "Telegram APIs"
optional = false
python-versions = "*"
files = [
    {file = "telegram-0.0.1.tar.gz", hash = "sha256:d405a0af4c868a8dbeae6d03e297e21c7ee6269e11e2ed3810e15544aba02591"},
]

[metadata]
lock-version = "2.0"
python-versions = "^3.11"
content-hash = "41719dbec9579f4a82c09e4ccc0c8e1dc93205e8278d9879a1da58b957db242a"
